
Microsoft Visual Studio Solution File, Format Version 12.00
# Visual Studio Version 16
VisualStudioVersion = 16.0.30907.101
MinimumVisualStudioVersion = 10.0.40219.1
Project("{FAE04EC0-301F-11D3-BF4B-00C04F79EFBC}") = "MyOwnGame_Multipage", "MyOwnGame_Multipage.csproj", "{F50B97FE-BFFD-4296-8B2A-78F87185F266}"
EndProject
Global
	GlobalSection(SolutionConfigurationPlatforms) = preSolution
		Debug|Any CPU = Debug|Any CPU
		Release|Any CPU = Release|Any CPU
	EndGlobalSection
	GlobalSection(ProjectConfigurationPlatforms) = postSolution
		{F50B97FE-BFFD-4296-8B2A-78F87185F266}.Debug|Any CPU.ActiveCfg = Debug|Any CPU
		{F50B97FE-BFFD-4296-8B2A-78F87185F266}.Debug|Any CPU.Build.0 = Debug|Any CPU
		{F50B97FE-BFFD-4296-8B2A-78F87185F266}.Release|Any CPU.ActiveCfg = Release|Any CPU
		{F50B97FE-BFFD-4296-8B2A-78F87185F266}.Release|Any CPU.Build.0 = Release|Any CPU
	EndGlobalSection
	GlobalSection(SolutionProperties) = preSolution
		HideSolutionNode = FALSE
	EndGlobalSection
	GlobalSection(ExtensibilityGlobals) = postSolution
		SolutionGuid = {F4A70F15-2A19-43DD-856A-D435BA5579EA}
	EndGlobalSection
EndGlobal
